
Microsoft Visual Studio Solution File, Format Version 12.00
# Visual Studio Version 16
VisualStudioVersion = 16.0.31624.102
MinimumVisualStudioVersion = 10.0.40219.1
Project("{FAE04EC0-301F-11D3-BF4B-00C04F79EFBC}") = "HelloWorld", "HelloWorld\HelloWorld.csproj", "{0649CD47-22E8-45DD-AA69-CDBCA1EC6AA2}"
EndProject
Global
	GlobalSection(SolutionConfigurationPlatforms) = preSolution
		Debug|Any CPU = Debug|Any CPU
		Release|Any CPU = Release|Any CPU
	EndGlobalSection
	GlobalSection(ProjectConfigurationPlatforms) = postSolution
		{0649CD47-22E8-45DD-AA69-CDBCA1EC6AA2}.Debug|Any CPU.ActiveCfg = Debug|Any CPU
		{0649CD47-22E8-45DD-AA69-CDBCA1EC6AA2}.Debug|Any CPU.Build.0 = Debug|Any CPU
		{0649CD47-22E8-45DD-AA69-CDBCA1EC6AA2}.Release|Any CPU.ActiveCfg = Release|Any CPU
		{0649CD47-22E8-45DD-AA69-CDBCA1EC6AA2}.Release|Any CPU.Build.0 = Release|Any CPU
	EndGlobalSection
	GlobalSection(SolutionProperties) = preSolution
		HideSolutionNode = FALSE
	EndGlobalSection
	GlobalSection(ExtensibilityGlobals) = postSolution
		SolutionGuid = {26C4616C-7CD1-4F3A-A6D9-F1E58D19B1ED}
	EndGlobalSection
EndGlobal
